// !$*UTF8*$!
{
	archiveVersion = 1;
	classes = {
	};
	objectVersion = 55;
	objects = {

/* Begin PBXBuildFile section */
		9486790F2AAA48AE00F3B737 /* extensions.swift in Sources */ = {isa = PBXBuildFile; fileRef = 9486790E2AAA48AE00F3B737 /* extensions.swift */; };
		94E786B52AA8FAEE004BC962 /* AppDelegate.swift in Sources */ = {isa = PBXBuildFile; fileRef = 94E786B42AA8FAEE004BC962 /* AppDelegate.swift */; };
		94E786B72AA8FAEE004BC962 /* SceneDelegate.swift in Sources */ = {isa = PBXBuildFile; fileRef = 94E786B62AA8FAEE004BC962 /* SceneDelegate.swift */; };
		94E786B92AA8FAEE004BC962 /* HomeViewController.swift in Sources */ = {isa = PBXBuildFile; fileRef = 94E786B82AA8FAEE004BC962 /* HomeViewController.swift */; };
		94E786BE2AA8FAEF004BC962 /* Assets.xcassets in Resources */ = {isa = PBXBuildFile; fileRef = 94E786BD2AA8FAEF004BC962 /* Assets.xcassets */; };
		94E786C12AA8FAEF004BC962 /* LaunchScreen.storyboard in Resources */ = {isa = PBXBuildFile; fileRef = 94E786BF2AA8FAEF004BC962 /* LaunchScreen.storyboard */; };
		94E786D02AA8FE1B004BC962 /* SearchViewController.swift in Sources */ = {isa = PBXBuildFile; fileRef = 94E786CF2AA8FE1B004BC962 /* SearchViewController.swift */; };
		94E786D22AA8FE5E004BC962 /* TabBarViewController.swift in Sources */ = {isa = PBXBuildFile; fileRef = 94E786D12AA8FE5E004BC962 /* TabBarViewController.swift */; };
		94E786D42AA8FEA5004BC962 /* LibraryViewController.swift in Sources */ = {isa = PBXBuildFile; fileRef = 94E786D32AA8FEA5004BC962 /* LibraryViewController.swift */; };
		94E786D82AA8FEF0004BC962 /* AuthViewController.swift in Sources */ = {isa = PBXBuildFile; fileRef = 94E786D72AA8FEF0004BC962 /* AuthViewController.swift */; };
		94E786DA2AA8FF08004BC962 /* WelcomeViewController.swift in Sources */ = {isa = PBXBuildFile; fileRef = 94E786D92AA8FF08004BC962 /* WelcomeViewController.swift */; };
		94E786DC2AA8FF10004BC962 /* SettingsViewController.swift in Sources */ = {isa = PBXBuildFile; fileRef = 94E786DB2AA8FF10004BC962 /* SettingsViewController.swift */; };
		94E786DE2AA8FF19004BC962 /* ProfileViewController.swift in Sources */ = {isa = PBXBuildFile; fileRef = 94E786DD2AA8FF19004BC962 /* ProfileViewController.swift */; };
		94E786E02AA8FF2E004BC962 /* PlayingViewController.swift in Sources */ = {isa = PBXBuildFile; fileRef = 94E786DF2AA8FF2E004BC962 /* PlayingViewController.swift */; };
		94E786E22AA8FF3A004BC962 /* PlaylistViewController.swift in Sources */ = {isa = PBXBuildFile; fileRef = 94E786E12AA8FF3A004BC962 /* PlaylistViewController.swift */; };
		94E786E62AA8FFD1004BC962 /* AuthManager.swift in Sources */ = {isa = PBXBuildFile; fileRef = 94E786E52AA8FFD1004BC962 /* AuthManager.swift */; };
		94E786E82AA8FFDE004BC962 /* APICaller.swift in Sources */ = {isa = PBXBuildFile; fileRef = 94E786E72AA8FFDE004BC962 /* APICaller.swift */; };
		94E786EA2AA8FFE7004BC962 /* HapticsManager.swift in Sources */ = {isa = PBXBuildFile; fileRef = 94E786E92AA8FFE7004BC962 /* HapticsManager.swift */; };
		94E786EC2AA901DA004BC962 /* AudioTrack.swift in Sources */ = {isa = PBXBuildFile; fileRef = 94E786EB2AA901DA004BC962 /* AudioTrack.swift */; };
		94E786EE2AA901E5004BC962 /* Playlist.swift in Sources */ = {isa = PBXBuildFile; fileRef = 94E786ED2AA901E5004BC962 /* Playlist.swift */; };
		94E786F02AA901FC004BC962 /* Artist.swift in Sources */ = {isa = PBXBuildFile; fileRef = 94E786EF2AA901FC004BC962 /* Artist.swift */; };
		94E786F22AA9020E004BC962 /* UserProfile.swift in Sources */ = {isa = PBXBuildFile; fileRef = 94E786F12AA9020E004BC962 /* UserProfile.swift */; };
		94EB30832AB0904900A6DD22 /* newReleasesResponse.swift in Sources */ = {isa = PBXBuildFile; fileRef = 94EB30822AB0904900A6DD22 /* newReleasesResponse.swift */; };
		94EB30852AB091E900A6DD22 /* ApiImage.swift in Sources */ = {isa = PBXBuildFile; fileRef = 94EB30842AB091E900A6DD22 /* ApiImage.swift */; };
		C19463752AAD292D00B6CE1C /* AuthResponse.swift in Sources */ = {isa = PBXBuildFile; fileRef = C19463742AAD292D00B6CE1C /* AuthResponse.swift */; };
		C1DC6A9A2AB7E87B00F1F9F8 /* RecommendationsResponse.swift in Sources */ = {isa = PBXBuildFile; fileRef = C1DC6A992AB7E87B00F1F9F8 /* RecommendationsResponse.swift */; };
		C1F1F8732AB79AB100A0B0D0 /* FeaturedPlaylists.swift in Sources */ = {isa = PBXBuildFile; fileRef = C1F1F8722AB79AB100A0B0D0 /* FeaturedPlaylists.swift */; };
		C1F1F8752AB7A03300A0B0D0 /* RecommendedGenresResponse.swift in Sources */ = {isa = PBXBuildFile; fileRef = C1F1F8742AB7A03300A0B0D0 /* RecommendedGenresResponse.swift */; };
/* End PBXBuildFile section */

/* Begin PBXFileReference section */
		9486790E2AAA48AE00F3B737 /* extensions.swift */ = {isa = PBXFileReference; lastKnownFileType = sourcecode.swift; path = extensions.swift; sourceTree = "<group>"; };
		94E786B12AA8FAEE004BC962 /* Spotify.app */ = {isa = PBXFileReference; explicitFileType = wrapper.application; includeInIndex = 0; path = Spotify.app; sourceTree = BUILT_PRODUCTS_DIR; };
		94E786B42AA8FAEE004BC962 /* AppDelegate.swift */ = {isa = PBXFileReference; lastKnownFileType = sourcecode.swift; path = AppDelegate.swift; sourceTree = "<group>"; };
		94E786B62AA8FAEE004BC962 /* SceneDelegate.swift */ = {isa = PBXFileReference; lastKnownFileType = sourcecode.swift; path = SceneDelegate.swift; sourceTree = "<group>"; };
		94E786B82AA8FAEE004BC962 /* HomeViewController.swift */ = {isa = PBXFileReference; lastKnownFileType = sourcecode.swift; path = HomeViewController.swift; sourceTree = "<group>"; };
		94E786BD2AA8FAEF004BC962 /* Assets.xcassets */ = {isa = PBXFileReference; lastKnownFileType = folder.assetcatalog; path = Assets.xcassets; sourceTree = "<group>"; };
		94E786C02AA8FAEF004BC962 /* Base */ = {isa = PBXFileReference; lastKnownFileType = file.storyboard; name = Base; path = Base.lproj/LaunchScreen.storyboard; sourceTree = "<group>"; };
		94E786C22AA8FAEF004BC962 /* Info.plist */ = {isa = PBXFileReference; lastKnownFileType = text.plist.xml; path = Info.plist; sourceTree = "<group>"; };
		94E786CF2AA8FE1B004BC962 /* SearchViewController.swift */ = {isa = PBXFileReference; lastKnownFileType = sourcecode.swift; path = SearchViewController.swift; sourceTree = "<group>"; };
		94E786D12AA8FE5E004BC962 /* TabBarViewController.swift */ = {isa = PBXFileReference; lastKnownFileType = sourcecode.swift; path = TabBarViewController.swift; sourceTree = "<group>"; };
		94E786D32AA8FEA5004BC962 /* LibraryViewController.swift */ = {isa = PBXFileReference; lastKnownFileType = sourcecode.swift; path = LibraryViewController.swift; sourceTree = "<group>"; };
		94E786D72AA8FEF0004BC962 /* AuthViewController.swift */ = {isa = PBXFileReference; lastKnownFileType = sourcecode.swift; path = AuthViewController.swift; sourceTree = "<group>"; };
		94E786D92AA8FF08004BC962 /* WelcomeViewController.swift */ = {isa = PBXFileReference; lastKnownFileType = sourcecode.swift; path = WelcomeViewController.swift; sourceTree = "<group>"; };
		94E786DB2AA8FF10004BC962 /* SettingsViewController.swift */ = {isa = PBXFileReference; lastKnownFileType = sourcecode.swift; path = SettingsViewController.swift; sourceTree = "<group>"; };
		94E786DD2AA8FF19004BC962 /* ProfileViewController.swift */ = {isa = PBXFileReference; lastKnownFileType = sourcecode.swift; path = ProfileViewController.swift; sourceTree = "<group>"; };
		94E786DF2AA8FF2E004BC962 /* PlayingViewController.swift */ = {isa = PBXFileReference; lastKnownFileType = sourcecode.swift; path = PlayingViewController.swift; sourceTree = "<group>"; };
		94E786E12AA8FF3A004BC962 /* PlaylistViewController.swift */ = {isa = PBXFileReference; lastKnownFileType = sourcecode.swift; path = PlaylistViewController.swift; sourceTree = "<group>"; };
		94E786E52AA8FFD1004BC962 /* AuthManager.swift */ = {isa = PBXFileReference; lastKnownFileType = sourcecode.swift; path = AuthManager.swift; sourceTree = "<group>"; };
		94E786E72AA8FFDE004BC962 /* APICaller.swift */ = {isa = PBXFileReference; lastKnownFileType = sourcecode.swift; path = APICaller.swift; sourceTree = "<group>"; };
		94E786E92AA8FFE7004BC962 /* HapticsManager.swift */ = {isa = PBXFileReference; lastKnownFileType = sourcecode.swift; path = HapticsManager.swift; sourceTree = "<group>"; };
		94E786EB2AA901DA004BC962 /* AudioTrack.swift */ = {isa = PBXFileReference; lastKnownFileType = sourcecode.swift; path = AudioTrack.swift; sourceTree = "<group>"; };
		94E786ED2AA901E5004BC962 /* Playlist.swift */ = {isa = PBXFileReference; lastKnownFileType = sourcecode.swift; path = Playlist.swift; sourceTree = "<group>"; };
		94E786EF2AA901FC004BC962 /* Artist.swift */ = {isa = PBXFileReference; lastKnownFileType = sourcecode.swift; path = Artist.swift; sourceTree = "<group>"; };
		94E786F12AA9020E004BC962 /* UserProfile.swift */ = {isa = PBXFileReference; lastKnownFileType = sourcecode.swift; path = UserProfile.swift; sourceTree = "<group>"; };
		94EB30822AB0904900A6DD22 /* newReleasesResponse.swift */ = {isa = PBXFileReference; lastKnownFileType = sourcecode.swift; path = newReleasesResponse.swift; sourceTree = "<group>"; };
		94EB30842AB091E900A6DD22 /* ApiImage.swift */ = {isa = PBXFileReference; lastKnownFileType = sourcecode.swift; path = ApiImage.swift; sourceTree = "<group>"; };
		C19463742AAD292D00B6CE1C /* AuthResponse.swift */ = {isa = PBXFileReference; lastKnownFileType = sourcecode.swift; path = AuthResponse.swift; sourceTree = "<group>"; };
		C1DC6A992AB7E87B00F1F9F8 /* RecommendationsResponse.swift */ = {isa = PBXFileReference; lastKnownFileType = sourcecode.swift; path = RecommendationsResponse.swift; sourceTree = "<group>"; };
		C1F1F8722AB79AB100A0B0D0 /* FeaturedPlaylists.swift */ = {isa = PBXFileReference; lastKnownFileType = sourcecode.swift; path = FeaturedPlaylists.swift; sourceTree = "<group>"; };
		C1F1F8742AB7A03300A0B0D0 /* RecommendedGenresResponse.swift */ = {isa = PBXFileReference; lastKnownFileType = sourcecode.swift; path = RecommendedGenresResponse.swift; sourceTree = "<group>"; };
/* End PBXFileReference section */

/* Begin PBXFrameworksBuildPhase section */
		94E786AE2AA8FAEE004BC962 /* Frameworks */ = {
			isa = PBXFrameworksBuildPhase;
			buildActionMask = 2147483647;
			files = (
			);
			runOnlyForDeploymentPostprocessing = 0;
		};
/* End PBXFrameworksBuildPhase section */

/* Begin PBXGroup section */
		94E786A82AA8FAEE004BC962 = {
			isa = PBXGroup;
			children = (
				94E786B32AA8FAEE004BC962 /* Spotify */,
				94E786B22AA8FAEE004BC962 /* Products */,
			);
			sourceTree = "<group>";
		};
		94E786B22AA8FAEE004BC962 /* Products */ = {
			isa = PBXGroup;
			children = (
				94E786B12AA8FAEE004BC962 /* Spotify.app */,
			);
			name = Products;
			sourceTree = "<group>";
		};
		94E786B32AA8FAEE004BC962 /* Spotify */ = {
			isa = PBXGroup;
			children = (
				94E786CC2AA8FB85004BC962 /* Resources */,
				94E786CB2AA8FB80004BC962 /* Managers */,
				94E786CA2AA8FB45004BC962 /* Controllers */,
				94E786C92AA8FB41004BC962 /* View */,
				94E786C82AA8FB3B004BC962 /* Model */,
				94E786C22AA8FAEF004BC962 /* Info.plist */,
			);
			path = Spotify;
			sourceTree = "<group>";
		};
		94E786C82AA8FB3B004BC962 /* Model */ = {
			isa = PBXGroup;
			children = (
				94E786EB2AA901DA004BC962 /* AudioTrack.swift */,
				94E786ED2AA901E5004BC962 /* Playlist.swift */,
				94E786EF2AA901FC004BC962 /* Artist.swift */,
				94E786F12AA9020E004BC962 /* UserProfile.swift */,
				94EB30822AB0904900A6DD22 /* newReleasesResponse.swift */,
				94EB30842AB091E900A6DD22 /* ApiImage.swift */,
				C1F1F8722AB79AB100A0B0D0 /* FeaturedPlaylists.swift */,
				C1F1F8742AB7A03300A0B0D0 /* RecommendedGenresResponse.swift */,
				C1DC6A992AB7E87B00F1F9F8 /* RecommendationsResponse.swift */,
			);
			path = Model;
			sourceTree = "<group>";
		};
		94E786C92AA8FB41004BC962 /* View */ = {
			isa = PBXGroup;
			children = (
				94E786BF2AA8FAEF004BC962 /* LaunchScreen.storyboard */,
				C19463742AAD292D00B6CE1C /* AuthResponse.swift */,
			);
			path = View;
			sourceTree = "<group>";
		};
		94E786CA2AA8FB45004BC962 /* Controllers */ = {
			isa = PBXGroup;
			children = (
				94E786D62AA8FEB9004BC962 /* Other */,
				94E786D52AA8FEAD004BC962 /* Core */,
			);
			path = Controllers;
			sourceTree = "<group>";
		};
		94E786CB2AA8FB80004BC962 /* Managers */ = {
			isa = PBXGroup;
			children = (
				94E786E52AA8FFD1004BC962 /* AuthManager.swift */,
				94E786E72AA8FFDE004BC962 /* APICaller.swift */,
				94E786E92AA8FFE7004BC962 /* HapticsManager.swift */,
			);
			path = Managers;
			sourceTree = "<group>";
		};
		94E786CC2AA8FB85004BC962 /* Resources */ = {
			isa = PBXGroup;
			children = (
				94E786BD2AA8FAEF004BC962 /* Assets.xcassets */,
				94E786B42AA8FAEE004BC962 /* AppDelegate.swift */,
				94E786B62AA8FAEE004BC962 /* SceneDelegate.swift */,
				9486790E2AAA48AE00F3B737 /* extensions.swift */,
			);
			path = Resources;
			sourceTree = "<group>";
		};
		94E786D52AA8FEAD004BC962 /* Core */ = {
			isa = PBXGroup;
			children = (
				94E786D12AA8FE5E004BC962 /* TabBarViewController.swift */,
				94E786B82AA8FAEE004BC962 /* HomeViewController.swift */,
				94E786CF2AA8FE1B004BC962 /* SearchViewController.swift */,
				94E786D32AA8FEA5004BC962 /* LibraryViewController.swift */,
			);
			path = Core;
			sourceTree = "<group>";
		};
		94E786D62AA8FEB9004BC962 /* Other */ = {
			isa = PBXGroup;
			children = (
				94E786D72AA8FEF0004BC962 /* AuthViewController.swift */,
				94E786D92AA8FF08004BC962 /* WelcomeViewController.swift */,
				94E786DB2AA8FF10004BC962 /* SettingsViewController.swift */,
				94E786DD2AA8FF19004BC962 /* ProfileViewController.swift */,
				94E786DF2AA8FF2E004BC962 /* PlayingViewController.swift */,
				94E786E12AA8FF3A004BC962 /* PlaylistViewController.swift */,
			);
			path = Other;
			sourceTree = "<group>";
		};
/* End PBXGroup section */

/* Begin PBXNativeTarget section */
		94E786B02AA8FAEE004BC962 /* Spotify */ = {
			isa = PBXNativeTarget;
			buildConfigurationList = 94E786C52AA8FAEF004BC962 /* Build configuration list for PBXNativeTarget "Spotify" */;
			buildPhases = (
				94E786AD2AA8FAEE004BC962 /* Sources */,
				94E786AE2AA8FAEE004BC962 /* Frameworks */,
				94E786AF2AA8FAEE004BC962 /* Resources */,
			);
			buildRules = (
			);
			dependencies = (
			);
			name = Spotify;
			productName = Spotify;
			productReference = 94E786B12AA8FAEE004BC962 /* Spotify.app */;
			productType = "com.apple.product-type.application";
		};
/* End PBXNativeTarget section */

/* Begin PBXProject section */
		94E786A92AA8FAEE004BC962 /* Project object */ = {
			isa = PBXProject;
			attributes = {
				BuildIndependentTargetsInParallel = 1;
				LastSwiftUpdateCheck = 1430;
				LastUpgradeCheck = 1430;
				TargetAttributes = {
					94E786B02AA8FAEE004BC962 = {
						CreatedOnToolsVersion = 14.3.1;
					};
				};
			};
			buildConfigurationList = 94E786AC2AA8FAEE004BC962 /* Build configuration list for PBXProject "Spotify" */;
			compatibilityVersion = "Xcode 13.0";
			developmentRegion = en;
			hasScannedForEncodings = 0;
			knownRegions = (
				en,
				Base,
			);
			mainGroup = 94E786A82AA8FAEE004BC962;
			productRefGroup = 94E786B22AA8FAEE004BC962 /* Products */;
			projectDirPath = "";
			projectRoot = "";
			targets = (
				94E786B02AA8FAEE004BC962 /* Spotify */,
			);
		};
/* End PBXProject section */

/* Begin PBXResourcesBuildPhase section */
		94E786AF2AA8FAEE004BC962 /* Resources */ = {
			isa = PBXResourcesBuildPhase;
			buildActionMask = 2147483647;
			files = (
				94E786C12AA8FAEF004BC962 /* LaunchScreen.storyboard in Resources */,
				94E786BE2AA8FAEF004BC962 /* Assets.xcassets in Resources */,
			);
			runOnlyForDeploymentPostprocessing = 0;
		};
/* End PBXResourcesBuildPhase section */

/* Begin PBXSourcesBuildPhase section */
		94E786AD2AA8FAEE004BC962 /* Sources */ = {
			isa = PBXSourcesBuildPhase;
			buildActionMask = 2147483647;
			files = (
				94E786E02AA8FF2E004BC962 /* PlayingViewController.swift in Sources */,
				94EB30852AB091E900A6DD22 /* ApiImage.swift in Sources */,
				94E786E62AA8FFD1004BC962 /* AuthManager.swift in Sources */,
				94E786D02AA8FE1B004BC962 /* SearchViewController.swift in Sources */,
				94E786DA2AA8FF08004BC962 /* WelcomeViewController.swift in Sources */,
				C19463752AAD292D00B6CE1C /* AuthResponse.swift in Sources */,
				94E786DE2AA8FF19004BC962 /* ProfileViewController.swift in Sources */,
				94E786B92AA8FAEE004BC962 /* HomeViewController.swift in Sources */,
				94E786EA2AA8FFE7004BC962 /* HapticsManager.swift in Sources */,
				94E786EC2AA901DA004BC962 /* AudioTrack.swift in Sources */,
				94E786B52AA8FAEE004BC962 /* AppDelegate.swift in Sources */,
				C1F1F8752AB7A03300A0B0D0 /* RecommendedGenresResponse.swift in Sources */,
				94E786D82AA8FEF0004BC962 /* AuthViewController.swift in Sources */,
				94E786D22AA8FE5E004BC962 /* TabBarViewController.swift in Sources */,
				94E786EE2AA901E5004BC962 /* Playlist.swift in Sources */,
				94EB30832AB0904900A6DD22 /* newReleasesResponse.swift in Sources */,
				C1F1F8732AB79AB100A0B0D0 /* FeaturedPlaylists.swift in Sources */,
				94E786F22AA9020E004BC962 /* UserProfile.swift in Sources */,
				94E786F02AA901FC004BC962 /* Artist.swift in Sources */,
				C1DC6A9A2AB7E87B00F1F9F8 /* RecommendationsResponse.swift in Sources */,
				94E786E22AA8FF3A004BC962 /* PlaylistViewController.swift in Sources */,
				9486790F2AAA48AE00F3B737 /* extensions.swift in Sources */,
				94E786D42AA8FEA5004BC962 /* LibraryViewController.swift in Sources */,
				94E786B72AA8FAEE004BC962 /* SceneDelegate.swift in Sources */,
				94E786E82AA8FFDE004BC962 /* APICaller.swift in Sources */,
				94E786DC2AA8FF10004BC962 /* SettingsViewController.swift in Sources */,
			);
			runOnlyForDeploymentPostprocessing = 0;
		};
/* End PBXSourcesBuildPhase section */

/* Begin PBXVariantGroup section */
		94E786BF2AA8FAEF004BC962 /* LaunchScreen.storyboard */ = {
			isa = PBXVariantGroup;
			children = (
				94E786C02AA8FAEF004BC962 /* Base */,
			);
			name = LaunchScreen.storyboard;
			sourceTree = "<group>";
		};
/* End PBXVariantGroup section */

/* Begin XCBuildConfiguration section */
		94E786C32AA8FAEF004BC962 /* Debug */ = {
			isa = XCBuildConfiguration;
			buildSettings = {
				ALWAYS_SEARCH_USER_PATHS = NO;
				CLANG_ANALYZER_NONNULL = YES;
				CLANG_ANALYZER_NUMBER_OBJECT_CONVERSION = YES_AGGRESSIVE;
				CLANG_CXX_LANGUAGE_STANDARD = "gnu++20";
				CLANG_ENABLE_MODULES = YES;
				CLANG_ENABLE_OBJC_ARC = YES;
				CLANG_ENABLE_OBJC_WEAK = YES;
				CLANG_WARN_BLOCK_CAPTURE_AUTORELEASING = YES;
				CLANG_WARN_BOOL_CONVERSION = YES;
				CLANG_WARN_COMMA = YES;
				CLANG_WARN_CONSTANT_CONVERSION = YES;
				CLANG_WARN_DEPRECATED_OBJC_IMPLEMENTATIONS = YES;
				CLANG_WARN_DIRECT_OBJC_ISA_USAGE = YES_ERROR;
				CLANG_WARN_DOCUMENTATION_COMMENTS = YES;
				CLANG_WARN_EMPTY_BODY = YES;
				CLANG_WARN_ENUM_CONVERSION = YES;
				CLANG_WARN_INFINITE_RECURSION = YES;
				CLANG_WARN_INT_CONVERSION = YES;
				CLANG_WARN_NON_LITERAL_NULL_CONVERSION = YES;
				CLANG_WARN_OBJC_IMPLICIT_RETAIN_SELF = YES;
				CLANG_WARN_OBJC_LITERAL_CONVERSION = YES;
				CLANG_WARN_OBJC_ROOT_CLASS = YES_ERROR;
				CLANG_WARN_QUOTED_INCLUDE_IN_FRAMEWORK_HEADER = YES;
				CLANG_WARN_RANGE_LOOP_ANALYSIS = YES;
				CLANG_WARN_STRICT_PROTOTYPES = YES;
				CLANG_WARN_SUSPICIOUS_MOVE = YES;
				CLANG_WARN_UNGUARDED_AVAILABILITY = YES_AGGRESSIVE;
				CLANG_WARN_UNREACHABLE_CODE = YES;
				CLANG_WARN__DUPLICATE_METHOD_MATCH = YES;
				COPY_PHASE_STRIP = NO;
				DEBUG_INFORMATION_FORMAT = dwarf;
				ENABLE_STRICT_OBJC_MSGSEND = YES;
				ENABLE_TESTABILITY = YES;
				GCC_C_LANGUAGE_STANDARD = gnu11;
				GCC_DYNAMIC_NO_PIC = NO;
				GCC_NO_COMMON_BLOCKS = YES;
				GCC_OPTIMIZATION_LEVEL = 0;
				GCC_PREPROCESSOR_DEFINITIONS = (
					"DEBUG=1",
					"$(inherited)",
				);
				GCC_WARN_64_TO_32_BIT_CONVERSION = YES;
				GCC_WARN_ABOUT_RETURN_TYPE = YES_ERROR;
				GCC_WARN_UNDECLARED_SELECTOR = YES;
				GCC_WARN_UNINITIALIZED_AUTOS = YES_AGGRESSIVE;
				GCC_WARN_UNUSED_FUNCTION = YES;
				GCC_WARN_UNUSED_VARIABLE = YES;
				IPHONEOS_DEPLOYMENT_TARGET = 16.4;
				MTL_ENABLE_DEBUG_INFO = INCLUDE_SOURCE;
				MTL_FAST_MATH = YES;
				ONLY_ACTIVE_ARCH = YES;
				SDKROOT = iphoneos;
				SWIFT_ACTIVE_COMPILATION_CONDITIONS = DEBUG;
				SWIFT_OPTIMIZATION_LEVEL = "-Onone";
			};
			name = Debug;
		};
		94E786C42AA8FAEF004BC962 /* Release */ = {
			isa = XCBuildConfiguration;
			buildSettings = {
				ALWAYS_SEARCH_USER_PATHS = NO;
				CLANG_ANALYZER_NONNULL = YES;
				CLANG_ANALYZER_NUMBER_OBJECT_CONVERSION = YES_AGGRESSIVE;
				CLANG_CXX_LANGUAGE_STANDARD = "gnu++20";
				CLANG_ENABLE_MODULES = YES;
				CLANG_ENABLE_OBJC_ARC = YES;
				CLANG_ENABLE_OBJC_WEAK = YES;
				CLANG_WARN_BLOCK_CAPTURE_AUTORELEASING = YES;
				CLANG_WARN_BOOL_CONVERSION = YES;
				CLANG_WARN_COMMA = YES;
				CLANG_WARN_CONSTANT_CONVERSION = YES;
				CLANG_WARN_DEPRECATED_OBJC_IMPLEMENTATIONS = YES;
				CLANG_WARN_DIRECT_OBJC_ISA_USAGE = YES_ERROR;
				CLANG_WARN_DOCUMENTATION_COMMENTS = YES;
				CLANG_WARN_EMPTY_BODY = YES;
				CLANG_WARN_ENUM_CONVERSION = YES;
				CLANG_WARN_INFINITE_RECURSION = YES;
				CLANG_WARN_INT_CONVERSION = YES;
				CLANG_WARN_NON_LITERAL_NULL_CONVERSION = YES;
				CLANG_WARN_OBJC_IMPLICIT_RETAIN_SELF = YES;
				CLANG_WARN_OBJC_LITERAL_CONVERSION = YES;
				CLANG_WARN_OBJC_ROOT_CLASS = YES_ERROR;
				CLANG_WARN_QUOTED_INCLUDE_IN_FRAMEWORK_HEADER = YES;
				CLANG_WARN_RANGE_LOOP_ANALYSIS = YES;
				CLANG_WARN_STRICT_PROTOTYPES = YES;
				CLANG_WARN_SUSPICIOUS_MOVE = YES;
				CLANG_WARN_UNGUARDED_AVAILABILITY = YES_AGGRESSIVE;
				CLANG_WARN_UNREACHABLE_CODE = YES;
				CLANG_WARN__DUPLICATE_METHOD_MATCH = YES;
				COPY_PHASE_STRIP = NO;
				DEBUG_INFORMATION_FORMAT = "dwarf-with-dsym";
				ENABLE_NS_ASSERTIONS = NO;
				ENABLE_STRICT_OBJC_MSGSEND = YES;
				GCC_C_LANGUAGE_STANDARD = gnu11;
				GCC_NO_COMMON_BLOCKS = YES;
				GCC_WARN_64_TO_32_BIT_CONVERSION = YES;
				GCC_WARN_ABOUT_RETURN_TYPE = YES_ERROR;
				GCC_WARN_UNDECLARED_SELECTOR = YES;
				GCC_WARN_UNINITIALIZED_AUTOS = YES_AGGRESSIVE;
				GCC_WARN_UNUSED_FUNCTION = YES;
				GCC_WARN_UNUSED_VARIABLE = YES;
				IPHONEOS_DEPLOYMENT_TARGET = 16.4;
				MTL_ENABLE_DEBUG_INFO = NO;
				MTL_FAST_MATH = YES;
				SDKROOT = iphoneos;
				SWIFT_COMPILATION_MODE = wholemodule;
				SWIFT_OPTIMIZATION_LEVEL = "-O";
				VALIDATE_PRODUCT = YES;
			};
			name = Release;
		};
		94E786C62AA8FAEF004BC962 /* Debug */ = {
			isa = XCBuildConfiguration;
			buildSettings = {
				ASSETCATALOG_COMPILER_APPICON_NAME = AppIcon;
				ASSETCATALOG_COMPILER_GLOBAL_ACCENT_COLOR_NAME = AccentColor;
				CODE_SIGN_STYLE = Automatic;
				CURRENT_PROJECT_VERSION = 1;
				DEVELOPMENT_TEAM = 8M7864P9XP;
				GENERATE_INFOPLIST_FILE = YES;
				INFOPLIST_FILE = Spotify/Info.plist;
				INFOPLIST_KEY_UIApplicationSupportsIndirectInputEvents = YES;
				INFOPLIST_KEY_UILaunchStoryboardName = LaunchScreen;
				INFOPLIST_KEY_UISupportedInterfaceOrientations_iPad = "UIInterfaceOrientationPortrait UIInterfaceOrientationPortraitUpsideDown UIInterfaceOrientationLandscapeLeft UIInterfaceOrientationLandscapeRight";
				INFOPLIST_KEY_UISupportedInterfaceOrientations_iPhone = "UIInterfaceOrientationPortrait UIInterfaceOrientationLandscapeLeft UIInterfaceOrientationLandscapeRight";
				IPHONEOS_DEPLOYMENT_TARGET = 15.4;
				LD_RUNPATH_SEARCH_PATHS = (
					"$(inherited)",
					"@executable_path/Frameworks",
				);
				MARKETING_VERSION = 1.0;
				PRODUCT_BUNDLE_IDENTIFIER = com.hasan.Spotify;
				PRODUCT_NAME = "$(TARGET_NAME)";
				SWIFT_EMIT_LOC_STRINGS = YES;
				SWIFT_VERSION = 5.0;
				TARGETED_DEVICE_FAMILY = "1,2";
			};
			name = Debug;
		};
		94E786C72AA8FAEF004BC962 /* Release */ = {
			isa = XCBuildConfiguration;
			buildSettings = {
				ASSETCATALOG_COMPILER_APPICON_NAME = AppIcon;
				ASSETCATALOG_COMPILER_GLOBAL_ACCENT_COLOR_NAME = AccentColor;
				CODE_SIGN_STYLE = Automatic;
				CURRENT_PROJECT_VERSION = 1;
				DEVELOPMENT_TEAM = 8M7864P9XP;
				GENERATE_INFOPLIST_FILE = YES;
				INFOPLIST_FILE = Spotify/Info.plist;
				INFOPLIST_KEY_UIApplicationSupportsIndirectInputEvents = YES;
				INFOPLIST_KEY_UILaunchStoryboardName = LaunchScreen;
				INFOPLIST_KEY_UISupportedInterfaceOrientations_iPad = "UIInterfaceOrientationPortrait UIInterfaceOrientationPortraitUpsideDown UIInterfaceOrientationLandscapeLeft UIInterfaceOrientationLandscapeRight";
				INFOPLIST_KEY_UISupportedInterfaceOrientations_iPhone = "UIInterfaceOrientationPortrait UIInterfaceOrientationLandscapeLeft UIInterfaceOrientationLandscapeRight";
				IPHONEOS_DEPLOYMENT_TARGET = 15.4;
				LD_RUNPATH_SEARCH_PATHS = (
					"$(inherited)",
					"@executable_path/Frameworks",
				);
				MARKETING_VERSION = 1.0;
				PRODUCT_BUNDLE_IDENTIFIER = com.hasans.Spotify;
				PRODUCT_NAME = "$(TARGET_NAME)";
				SWIFT_EMIT_LOC_STRINGS = YES;
				SWIFT_VERSION = 5.0;
				TARGETED_DEVICE_FAMILY = "1,2";
			};
			name = Release;
		};
/* End XCBuildConfiguration section */

/* Begin XCConfigurationList section */
		94E786AC2AA8FAEE004BC962 /* Build configuration list for PBXProject "Spotify" */ = {
			isa = XCConfigurationList;
			buildConfigurations = (
				94E786C32AA8FAEF004BC962 /* Debug */,
				94E786C42AA8FAEF004BC962 /* Release */,
			);
			defaultConfigurationIsVisible = 0;
			defaultConfigurationName = Release;
		};
		94E786C52AA8FAEF004BC962 /* Build configuration list for PBXNativeTarget "Spotify" */ = {
			isa = XCConfigurationList;
			buildConfigurations = (
				94E786C62AA8FAEF004BC962 /* Debug */,
				94E786C72AA8FAEF004BC962 /* Release */,
			);
			defaultConfigurationIsVisible = 0;
			defaultConfigurationName = Release;
		};
/* End XCConfigurationList section */
	};
	rootObject = 94E786A92AA8FAEE004BC962 /* Project object */;
}
